// !$*UTF8*$!
{
	archiveVersion = 1;
	classes = {
	};
	objectVersion = 46;
	objects = {

/* Begin PBXBuildFile section */
		0E2392961C04214C00EFBFFB /* LandscapeViewController.swift in Sources */ = {isa = PBXBuildFile; fileRef = 0E2392951C04214C00EFBFFB /* LandscapeViewController.swift */; };
		0E2392981C04505800EFBFFB /* FadeOutAnimationController.swift in Sources */ = {isa = PBXBuildFile; fileRef = 0E2392971C04505800EFBFFB /* FadeOutAnimationController.swift */; };
		0E4F46691C034073009081F6 /* GradientView.swift in Sources */ = {isa = PBXBuildFile; fileRef = 0E4F46681C034073009081F6 /* GradientView.swift */; };
		0E4F466B1C034E7B009081F6 /* BounceAnimationController.swift in Sources */ = {isa = PBXBuildFile; fileRef = 0E4F466A1C034E7B009081F6 /* BounceAnimationController.swift */; };
		0E4F466D1C0359D6009081F6 /* SlideOutAnimationController.swift in Sources */ = {isa = PBXBuildFile; fileRef = 0E4F466C1C0359D6009081F6 /* SlideOutAnimationController.swift */; };
		0E5D06B01BF8CDFE0032AED4 /* SearchResultCell.swift in Sources */ = {isa = PBXBuildFile; fileRef = 0E5D06AF1BF8CDFE0032AED4 /* SearchResultCell.swift */; };
		0E5D06B21BF8CE4F0032AED4 /* SearchResult.swift in Sources */ = {isa = PBXBuildFile; fileRef = 0E5D06B11BF8CE4F0032AED4 /* SearchResult.swift */; };
		0E71BE101C01AE49000DDCA3 /* UIImageView+DownloadImage.swift in Sources */ = {isa = PBXBuildFile; fileRef = 0E71BE0F1C01AE49000DDCA3 /* UIImageView+DownloadImage.swift */; };
		0E71E4DE1C056C50004724BF /* Search.swift in Sources */ = {isa = PBXBuildFile; fileRef = 0E71E4DD1C056C50004724BF /* Search.swift */; };
		0ECC7C9C1C06AD9500D15545 /* NothingFoundCell.xib in Resources */ = {isa = PBXBuildFile; fileRef = 0ECC7C9E1C06AD9500D15545 /* NothingFoundCell.xib */; };
		0ECC7CA01C06BDEE00D15545 /* LoadingCell.xib in Resources */ = {isa = PBXBuildFile; fileRef = 0ECC7CA21C06BDEE00D15545 /* LoadingCell.xib */; };
		0ECC85E11C01D99C002BED09 /* DetailViewController.swift in Sources */ = {isa = PBXBuildFile; fileRef = 0ECC85E01C01D99C002BED09 /* DetailViewController.swift */; };
		0ECC85E31C01DFE5002BED09 /* DimmingPresentationController.swift in Sources */ = {isa = PBXBuildFile; fileRef = 0ECC85E21C01DFE5002BED09 /* DimmingPresentationController.swift */; };
		0EE61FCB1C06C17C00F81649 /* Main.storyboard in Resources */ = {isa = PBXBuildFile; fileRef = 0EE61FCD1C06C17C00F81649 /* Main.storyboard */; };
		0EE61FD01C06C38E00F81649 /* SearchResultCell.xib in Resources */ = {isa = PBXBuildFile; fileRef = 0EE61FD21C06C38E00F81649 /* SearchResultCell.xib */; };
		0EE61FD71C06CC8F00F81649 /* Localizable.strings in Resources */ = {isa = PBXBuildFile; fileRef = 0EE61FD51C06CC8F00F81649 /* Localizable.strings */; };
		0EE61FDE1C0747E500F81649 /* InfoPlist.strings in Resources */ = {isa = PBXBuildFile; fileRef = 0EE61FE01C0747E500F81649 /* InfoPlist.strings */; };
		0EE61FED1C0748E600F81649 /* Info.plist in Resources */ = {isa = PBXBuildFile; fileRef = 0EE61FE31C0748E600F81649 /* Info.plist */; };
		0EE61FEE1C0748E600F81649 /* InfoPlist.strings in Resources */ = {isa = PBXBuildFile; fileRef = 0EE61FE51C0748E600F81649 /* InfoPlist.strings */; };
		0EE61FEF1C0748E600F81649 /* LoadingCell.xib in Resources */ = {isa = PBXBuildFile; fileRef = 0EE61FE71C0748E600F81649 /* LoadingCell.xib */; };
		0EE61FF01C0748E600F81649 /* Main.storyboard in Resources */ = {isa = PBXBuildFile; fileRef = 0EE61FE91C0748E600F81649 /* Main.storyboard */; };
		0EE61FF11C0748E600F81649 /* SearchResultCell.xib in Resources */ = {isa = PBXBuildFile; fileRef = 0EE61FEB1C0748E600F81649 /* SearchResultCell.xib */; };
		0EE8F24D1BF2176D003AF6E3 /* AppDelegate.swift in Sources */ = {isa = PBXBuildFile; fileRef = 0EE8F24C1BF2176D003AF6E3 /* AppDelegate.swift */; };
		0EE8F24F1BF2176D003AF6E3 /* SearchViewController.swift in Sources */ = {isa = PBXBuildFile; fileRef = 0EE8F24E1BF2176D003AF6E3 /* SearchViewController.swift */; };
		0EFCB84F1BFAF44900A4C388 /* Assets.xcassets in Resources */ = {isa = PBXBuildFile; fileRef = 0EFCB84E1BFAF44900A4C388 /* Assets.xcassets */; };
/* End PBXBuildFile section */

/* Begin PBXFileReference section */
		0E2392951C04214C00EFBFFB /* LandscapeViewController.swift */ = {isa = PBXFileReference; fileEncoding = 4; lastKnownFileType = sourcecode.swift; path = LandscapeViewController.swift; sourceTree = "<group>"; };
		0E2392971C04505800EFBFFB /* FadeOutAnimationController.swift */ = {isa = PBXFileReference; fileEncoding = 4; lastKnownFileType = sourcecode.swift; path = FadeOutAnimationController.swift; sourceTree = "<group>"; };
		0E4F46681C034073009081F6 /* GradientView.swift */ = {isa = PBXFileReference; fileEncoding = 4; lastKnownFileType = sourcecode.swift; path = GradientView.swift; sourceTree = "<group>"; };
		0E4F466A1C034E7B009081F6 /* BounceAnimationController.swift */ = {isa = PBXFileReference; fileEncoding = 4; lastKnownFileType = sourcecode.swift; path = BounceAnimationController.swift; sourceTree = "<group>"; };
		0E4F466C1C0359D6009081F6 /* SlideOutAnimationController.swift */ = {isa = PBXFileReference; fileEncoding = 4; lastKnownFileType = sourcecode.swift; path = SlideOutAnimationController.swift; sourceTree = "<group>"; };
		0E5D06AF1BF8CDFE0032AED4 /* SearchResultCell.swift */ = {isa = PBXFileReference; fileEncoding = 4; lastKnownFileType = sourcecode.swift; path = SearchResultCell.swift; sourceTree = "<group>"; };
		0E5D06B11BF8CE4F0032AED4 /* SearchResult.swift */ = {isa = PBXFileReference; fileEncoding = 4; lastKnownFileType = sourcecode.swift; path = SearchResult.swift; sourceTree = "<group>"; };
		0E71BE0F1C01AE49000DDCA3 /* UIImageView+DownloadImage.swift */ = {isa = PBXFileReference; fileEncoding = 4; lastKnownFileType = sourcecode.swift; path = "UIImageView+DownloadImage.swift"; sourceTree = "<group>"; };
		0E71E4DD1C056C50004724BF /* Search.swift */ = {isa = PBXFileReference; fileEncoding = 4; lastKnownFileType = sourcecode.swift; path = Search.swift; sourceTree = "<group>"; };
		0ECC7C9D1C06AD9500D15545 /* en */ = {isa = PBXFileReference; lastKnownFileType = file.xib; name = en; path = en.lproj/NothingFoundCell.xib; sourceTree = "<group>"; };
		0ECC7C9F1C06ADEB00D15545 /* ja */ = {isa = PBXFileReference; lastKnownFileType = file.xib; name = ja; path = ja.lproj/NothingFoundCell.xib; sourceTree = "<group>"; };
		0ECC7CA11C06BDEE00D15545 /* Base */ = {isa = PBXFileReference; lastKnownFileType = file.xib; name = Base; path = Base.lproj/LoadingCell.xib; sourceTree = "<group>"; };
		0ECC7CA41C06BE8F00D15545 /* ja */ = {isa = PBXFileReference; lastKnownFileType = text.plist.strings; name = ja; path = ja.lproj/LoadingCell.strings; sourceTree = "<group>"; };
		0ECC85E01C01D99C002BED09 /* DetailViewController.swift */ = {isa = PBXFileReference; fileEncoding = 4; lastKnownFileType = sourcecode.swift; path = DetailViewController.swift; sourceTree = "<group>"; };
		0ECC85E21C01DFE5002BED09 /* DimmingPresentationController.swift */ = {isa = PBXFileReference; fileEncoding = 4; lastKnownFileType = sourcecode.swift; path = DimmingPresentationController.swift; sourceTree = "<group>"; };
		0EE61FCC1C06C17C00F81649 /* Base */ = {isa = PBXFileReference; lastKnownFileType = file.storyboard; name = Base; path = Base.lproj/Main.storyboard; sourceTree = "<group>"; };
		0EE61FCF1C06C1DA00F81649 /* ja */ = {isa = PBXFileReference; lastKnownFileType = text.plist.strings; name = ja; path = ja.lproj/Main.strings; sourceTree = "<group>"; };
		0EE61FD11C06C38E00F81649 /* Base */ = {isa = PBXFileReference; lastKnownFileType = file.xib; name = Base; path = Base.lproj/SearchResultCell.xib; sourceTree = "<group>"; };
		0EE61FD41C06C39100F81649 /* ja */ = {isa = PBXFileReference; lastKnownFileType = text.plist.strings; name = ja; path = ja.lproj/SearchResultCell.strings; sourceTree = "<group>"; };
		0EE61FD61C06CC8F00F81649 /* en */ = {isa = PBXFileReference; lastKnownFileType = text.plist.strings; name = en; path = en.lproj/Localizable.strings; sourceTree = "<group>"; };
		0EE61FD81C06CDB000F81649 /* ja */ = {isa = PBXFileReference; lastKnownFileType = text.plist.strings; name = ja; path = ja.lproj/Localizable.strings; sourceTree = "<group>"; };
		0EE61FDF1C0747E500F81649 /* Base */ = {isa = PBXFileReference; lastKnownFileType = text.plist.strings; name = Base; path = Base.lproj/InfoPlist.strings; sourceTree = "<group>"; };
		0EE61FE11C0747E700F81649 /* ja */ = {isa = PBXFileReference; lastKnownFileType = text.plist.strings; name = ja; path = ja.lproj/InfoPlist.strings; sourceTree = "<group>"; };
		0EE61FE41C0748E600F81649 /* Base */ = {isa = PBXFileReference; lastKnownFileType = text.plist.xml; name = Base; path = Info.plist; sourceTree = "<group>"; };
		0EE61FE61C0748E600F81649 /* Base */ = {isa = PBXFileReference; lastKnownFileType = text.plist.strings; name = Base; path = InfoPlist.strings; sourceTree = "<group>"; };
		0EE61FE81C0748E600F81649 /* Base */ = {isa = PBXFileReference; lastKnownFileType = file.xib; name = Base; path = LoadingCell.xib; sourceTree = "<group>"; };
		0EE61FEA1C0748E600F81649 /* Base */ = {isa = PBXFileReference; lastKnownFileType = file.storyboard; name = Base; path = Main.storyboard; sourceTree = "<group>"; };
		0EE61FEC1C0748E600F81649 /* Base */ = {isa = PBXFileReference; lastKnownFileType = file.xib; name = Base; path = SearchResultCell.xib; sourceTree = "<group>"; };
		0EE8F2491BF2176D003AF6E3 /* StoreSearch.app */ = {isa = PBXFileReference; explicitFileType = wrapper.application; includeInIndex = 0; path = StoreSearch.app; sourceTree = BUILT_PRODUCTS_DIR; };
		0EE8F24C1BF2176D003AF6E3 /* AppDelegate.swift */ = {isa = PBXFileReference; lastKnownFileType = sourcecode.swift; path = AppDelegate.swift; sourceTree = "<group>"; };
		0EE8F24E1BF2176D003AF6E3 /* SearchViewController.swift */ = {isa = PBXFileReference; lastKnownFileType = sourcecode.swift; path = SearchViewController.swift; sourceTree = "<group>"; };
		0EFCB84E1BFAF44900A4C388 /* Assets.xcassets */ = {isa = PBXFileReference; lastKnownFileType = folder.assetcatalog; path = Assets.xcassets; sourceTree = "<group>"; };
/* End PBXFileReference section */

/* Begin PBXFrameworksBuildPhase section */
		0EE8F2461BF2176D003AF6E3 /* Frameworks */ = {
			isa = PBXFrameworksBuildPhase;
			buildActionMask = 2147483647;
			files = (
			);
			runOnlyForDeploymentPostprocessing = 0;
		};
/* End PBXFrameworksBuildPhase section */

/* Begin PBXGroup section */
		0EE61FE21C0748E600F81649 /* Base.lproj */ = {
			isa = PBXGroup;
			children = (
				0EE61FE51C0748E600F81649 /* InfoPlist.strings */,
				0EE61FE71C0748E600F81649 /* LoadingCell.xib */,
				0EE61FE91C0748E600F81649 /* Main.storyboard */,
				0EE61FEB1C0748E600F81649 /* SearchResultCell.xib */,
			);
			path = Base.lproj;
			sourceTree = "<group>";
		};
		0EE8F2401BF2176D003AF6E3 = {
			isa = PBXGroup;
			children = (
				0EE8F24B1BF2176D003AF6E3 /* StoreSearch */,
				0EE8F24A1BF2176D003AF6E3 /* Products */,
			);
			sourceTree = "<group>";
		};
		0EE8F24A1BF2176D003AF6E3 /* Products */ = {
			isa = PBXGroup;
			children = (
				0EE8F2491BF2176D003AF6E3 /* StoreSearch.app */,
			);
			name = Products;
			sourceTree = "<group>";
		};
		0EE8F24B1BF2176D003AF6E3 /* StoreSearch */ = {
			isa = PBXGroup;
			children = (
				0EE61FE31C0748E600F81649 /* Info.plist */,
				0EE61FE21C0748E600F81649 /* Base.lproj */,
				0EE61FE01C0747E500F81649 /* InfoPlist.strings */,
				0EE8F24C1BF2176D003AF6E3 /* AppDelegate.swift */,
				0E4F466A1C034E7B009081F6 /* BounceAnimationController.swift */,
				0ECC85E01C01D99C002BED09 /* DetailViewController.swift */,
				0ECC85E21C01DFE5002BED09 /* DimmingPresentationController.swift */,
				0E2392971C04505800EFBFFB /* FadeOutAnimationController.swift */,
				0E4F46681C034073009081F6 /* GradientView.swift */,
				0E2392951C04214C00EFBFFB /* LandscapeViewController.swift */,
				0E71E4DD1C056C50004724BF /* Search.swift */,
				0E5D06B11BF8CE4F0032AED4 /* SearchResult.swift */,
				0E5D06AF1BF8CDFE0032AED4 /* SearchResultCell.swift */,
				0EE8F24E1BF2176D003AF6E3 /* SearchViewController.swift */,
				0E4F466C1C0359D6009081F6 /* SlideOutAnimationController.swift */,
				0E71BE0F1C01AE49000DDCA3 /* UIImageView+DownloadImage.swift */,
				0EFCB84E1BFAF44900A4C388 /* Assets.xcassets */,
				0ECC7CA21C06BDEE00D15545 /* LoadingCell.xib */,
				0EE61FD51C06CC8F00F81649 /* Localizable.strings */,
				0EE61FCD1C06C17C00F81649 /* Main.storyboard */,
				0ECC7C9E1C06AD9500D15545 /* NothingFoundCell.xib */,
				0EE61FD21C06C38E00F81649 /* SearchResultCell.xib */,
			);
			path = StoreSearch;
			sourceTree = "<group>";
		};
/* End PBXGroup section */

/* Begin PBXNativeTarget section */
		0EE8F2481BF2176D003AF6E3 /* StoreSearch */ = {
			isa = PBXNativeTarget;
			buildConfigurationList = 0EE8F25B1BF2176D003AF6E3 /* Build configuration list for PBXNativeTarget "StoreSearch" */;
			buildPhases = (
				0EE8F2451BF2176D003AF6E3 /* Sources */,
				0EE8F2461BF2176D003AF6E3 /* Frameworks */,
				0EE8F2471BF2176D003AF6E3 /* Resources */,
			);
			buildRules = (
			);
			dependencies = (
			);
			name = StoreSearch;
			productName = StoreSearch;
			productReference = 0EE8F2491BF2176D003AF6E3 /* StoreSearch.app */;
			productType = "com.apple.product-type.application";
		};
/* End PBXNativeTarget section */

/* Begin PBXProject section */
		0EE8F2411BF2176D003AF6E3 /* Project object */ = {
			isa = PBXProject;
			attributes = {
				LastSwiftUpdateCheck = 0710;
				LastUpgradeCheck = 0710;
				ORGANIZATIONNAME = yasuhiroyoshida;
				TargetAttributes = {
					0EE8F2481BF2176D003AF6E3 = {
						CreatedOnToolsVersion = 7.1;
						DevelopmentTeam = 68Z9K7G7M3;
					};
				};
			};
			buildConfigurationList = 0EE8F2441BF2176D003AF6E3 /* Build configuration list for PBXProject "StoreSearch" */;
			compatibilityVersion = "Xcode 3.2";
			developmentRegion = English;
			hasScannedForEncodings = 0;
			knownRegions = (
				en,
				Base,
				ja,
			);
			mainGroup = 0EE8F2401BF2176D003AF6E3;
			productRefGroup = 0EE8F24A1BF2176D003AF6E3 /* Products */;
			projectDirPath = "";
			projectRoot = "";
			targets = (
				0EE8F2481BF2176D003AF6E3 /* StoreSearch */,
			);
		};
/* End PBXProject section */

/* Begin PBXResourcesBuildPhase section */
		0EE8F2471BF2176D003AF6E3 /* Resources */ = {
			isa = PBXResourcesBuildPhase;
			buildActionMask = 2147483647;
			files = (
				0EE61FED1C0748E600F81649 /* Info.plist in Resources */,
				0EE61FD01C06C38E00F81649 /* SearchResultCell.xib in Resources */,
				0EE61FDE1C0747E500F81649 /* InfoPlist.strings in Resources */,
				0EE61FD71C06CC8F00F81649 /* Localizable.strings in Resources */,
				0EE61FCB1C06C17C00F81649 /* Main.storyboard in Resources */,
				0EE61FF01C0748E600F81649 /* Main.storyboard in Resources */,
				0ECC7CA01C06BDEE00D15545 /* LoadingCell.xib in Resources */,
				0ECC7C9C1C06AD9500D15545 /* NothingFoundCell.xib in Resources */,
				0EE61FEE1C0748E600F81649 /* InfoPlist.strings in Resources */,
				0EE61FEF1C0748E600F81649 /* LoadingCell.xib in Resources */,
				0EE61FF11C0748E600F81649 /* SearchResultCell.xib in Resources */,
				0EFCB84F1BFAF44900A4C388 /* Assets.xcassets in Resources */,
			);
			runOnlyForDeploymentPostprocessing = 0;
		};
/* End PBXResourcesBuildPhase section */

/* Begin PBXSourcesBuildPhase section */
		0EE8F2451BF2176D003AF6E3 /* Sources */ = {
			isa = PBXSourcesBuildPhase;
			buildActionMask = 2147483647;
			files = (
				0E71E4DE1C056C50004724BF /* Search.swift in Sources */,
				0EE8F24F1BF2176D003AF6E3 /* SearchViewController.swift in Sources */,
				0ECC85E31C01DFE5002BED09 /* DimmingPresentationController.swift in Sources */,
				0E2392981C04505800EFBFFB /* FadeOutAnimationController.swift in Sources */,
				0E5D06B01BF8CDFE0032AED4 /* SearchResultCell.swift in Sources */,
				0EE8F24D1BF2176D003AF6E3 /* AppDelegate.swift in Sources */,
				0E4F466B1C034E7B009081F6 /* BounceAnimationController.swift in Sources */,
				0E2392961C04214C00EFBFFB /* LandscapeViewController.swift in Sources */,
				0ECC85E11C01D99C002BED09 /* DetailViewController.swift in Sources */,
				0E5D06B21BF8CE4F0032AED4 /* SearchResult.swift in Sources */,
				0E4F46691C034073009081F6 /* GradientView.swift in Sources */,
				0E71BE101C01AE49000DDCA3 /* UIImageView+DownloadImage.swift in Sources */,
				0E4F466D1C0359D6009081F6 /* SlideOutAnimationController.swift in Sources */,
			);
			runOnlyForDeploymentPostprocessing = 0;
		};
/* End PBXSourcesBuildPhase section */

/* Begin PBXVariantGroup section */
		0ECC7C9E1C06AD9500D15545 /* NothingFoundCell.xib */ = {
			isa = PBXVariantGroup;
			children = (
				0ECC7C9D1C06AD9500D15545 /* en */,
				0ECC7C9F1C06ADEB00D15545 /* ja */,
			);
			name = NothingFoundCell.xib;
			sourceTree = "<group>";
		};
		0ECC7CA21C06BDEE00D15545 /* LoadingCell.xib */ = {
			isa = PBXVariantGroup;
			children = (
				0ECC7CA11C06BDEE00D15545 /* Base */,
				0ECC7CA41C06BE8F00D15545 /* ja */,
			);
			name = LoadingCell.xib;
			sourceTree = "<group>";
		};
		0EE61FCD1C06C17C00F81649 /* Main.storyboard */ = {
			isa = PBXVariantGroup;
			children = (
				0EE61FCC1C06C17C00F81649 /* Base */,
				0EE61FCF1C06C1DA00F81649 /* ja */,
			);
			name = Main.storyboard;
			sourceTree = "<group>";
		};
		0EE61FD21C06C38E00F81649 /* SearchResultCell.xib */ = {
			isa = PBXVariantGroup;
			children = (
				0EE61FD11C06C38E00F81649 /* Base */,
				0EE61FD41C06C39100F81649 /* ja */,
			);
			name = SearchResultCell.xib;
			sourceTree = "<group>";
		};
		0EE61FD51C06CC8F00F81649 /* Localizable.strings */ = {
			isa = PBXVariantGroup;
			children = (
				0EE61FD61C06CC8F00F81649 /* en */,
				0EE61FD81C06CDB000F81649 /* ja */,
			);
			name = Localizable.strings;
			sourceTree = "<group>";
		};
		0EE61FE01C0747E500F81649 /* InfoPlist.strings */ = {
			isa = PBXVariantGroup;
			children = (
				0EE61FDF1C0747E500F81649 /* Base */,
				0EE61FE11C0747E700F81649 /* ja */,
			);
			name = InfoPlist.strings;
			sourceTree = "<group>";
		};
		0EE61FE31C0748E600F81649 /* Info.plist */ = {
			isa = PBXVariantGroup;
			children = (
				0EE61FE41C0748E600F81649 /* Base */,
			);
			name = Info.plist;
			sourceTree = "<group>";
		};
		0EE61FE51C0748E600F81649 /* InfoPlist.strings */ = {
			isa = PBXVariantGroup;
			children = (
				0EE61FE61C0748E600F81649 /* Base */,
			);
			name = InfoPlist.strings;
			sourceTree = "<group>";
		};
		0EE61FE71C0748E600F81649 /* LoadingCell.xib */ = {
			isa = PBXVariantGroup;
			children = (
				0EE61FE81C0748E600F81649 /* Base */,
			);
			name = LoadingCell.xib;
			sourceTree = "<group>";
		};
		0EE61FE91C0748E600F81649 /* Main.storyboard */ = {
			isa = PBXVariantGroup;
			children = (
				0EE61FEA1C0748E600F81649 /* Base */,
			);
			name = Main.storyboard;
			sourceTree = "<group>";
		};
		0EE61FEB1C0748E600F81649 /* SearchResultCell.xib */ = {
			isa = PBXVariantGroup;
			children = (
				0EE61FEC1C0748E600F81649 /* Base */,
			);
			name = SearchResultCell.xib;
			sourceTree = "<group>";
		};
/* End PBXVariantGroup section */

/* Begin XCBuildConfiguration section */
		0EE8F2591BF2176D003AF6E3 /* Debug */ = {
			isa = XCBuildConfiguration;
			buildSettings = {
				ALWAYS_SEARCH_USER_PATHS = NO;
				CLANG_CXX_LANGUAGE_STANDARD = "gnu++0x";
				CLANG_CXX_LIBRARY = "libc++";
				CLANG_ENABLE_MODULES = YES;
				CLANG_ENABLE_OBJC_ARC = YES;
				CLANG_WARN_BOOL_CONVERSION = YES;
				CLANG_WARN_CONSTANT_CONVERSION = YES;
				CLANG_WARN_DIRECT_OBJC_ISA_USAGE = YES_ERROR;
				CLANG_WARN_EMPTY_BODY = YES;
				CLANG_WARN_ENUM_CONVERSION = YES;
				CLANG_WARN_INT_CONVERSION = YES;
				CLANG_WARN_OBJC_ROOT_CLASS = YES_ERROR;
				CLANG_WARN_UNREACHABLE_CODE = YES;
				CLANG_WARN__DUPLICATE_METHOD_MATCH = YES;
				"CODE_SIGN_IDENTITY[sdk=iphoneos*]" = "iPhone Developer";
				COPY_PHASE_STRIP = NO;
				DEBUG_INFORMATION_FORMAT = dwarf;
				ENABLE_STRICT_OBJC_MSGSEND = YES;
				ENABLE_TESTABILITY = YES;
				GCC_C_LANGUAGE_STANDARD = gnu99;
				GCC_DYNAMIC_NO_PIC = NO;
				GCC_NO_COMMON_BLOCKS = YES;
				GCC_OPTIMIZATION_LEVEL = 0;
				GCC_PREPROCESSOR_DEFINITIONS = (
					"DEBUG=1",
					"$(inherited)",
				);
				GCC_WARN_64_TO_32_BIT_CONVERSION = YES;
				GCC_WARN_ABOUT_RETURN_TYPE = YES_ERROR;
				GCC_WARN_UNDECLARED_SELECTOR = YES;
				GCC_WARN_UNINITIALIZED_AUTOS = YES_AGGRESSIVE;
				GCC_WARN_UNUSED_FUNCTION = YES;
				GCC_WARN_UNUSED_VARIABLE = YES;
				IPHONEOS_DEPLOYMENT_TARGET = 9.1;
				MTL_ENABLE_DEBUG_INFO = YES;
				ONLY_ACTIVE_ARCH = YES;
				SDKROOT = iphoneos;
				SWIFT_OPTIMIZATION_LEVEL = "-Onone";
			};
			name = Debug;
		};
		0EE8F25A1BF2176D003AF6E3 /* Release */ = {
			isa = XCBuildConfiguration;
			buildSettings = {
				ALWAYS_SEARCH_USER_PATHS = NO;
				CLANG_CXX_LANGUAGE_STANDARD = "gnu++0x";
				CLANG_CXX_LIBRARY = "libc++";
				CLANG_ENABLE_MODULES = YES;
				CLANG_ENABLE_OBJC_ARC = YES;
				CLANG_WARN_BOOL_CONVERSION = YES;
				CLANG_WARN_CONSTANT_CONVERSION = YES;
				CLANG_WARN_DIRECT_OBJC_ISA_USAGE = YES_ERROR;
				CLANG_WARN_EMPTY_BODY = YES;
				CLANG_WARN_ENUM_CONVERSION = YES;
				CLANG_WARN_INT_CONVERSION = YES;
				CLANG_WARN_OBJC_ROOT_CLASS = YES_ERROR;
				CLANG_WARN_UNREACHABLE_CODE = YES;
				CLANG_WARN__DUPLICATE_METHOD_MATCH = YES;
				"CODE_SIGN_IDENTITY[sdk=iphoneos*]" = "iPhone Developer";
				COPY_PHASE_STRIP = NO;
				DEBUG_INFORMATION_FORMAT = "dwarf-with-dsym";
				ENABLE_NS_ASSERTIONS = NO;
				ENABLE_STRICT_OBJC_MSGSEND = YES;
				GCC_C_LANGUAGE_STANDARD = gnu99;
				GCC_NO_COMMON_BLOCKS = YES;
				GCC_WARN_64_TO_32_BIT_CONVERSION = YES;
				GCC_WARN_ABOUT_RETURN_TYPE = YES_ERROR;
				GCC_WARN_UNDECLARED_SELECTOR = YES;
				GCC_WARN_UNINITIALIZED_AUTOS = YES_AGGRESSIVE;
				GCC_WARN_UNUSED_FUNCTION = YES;
				GCC_WARN_UNUSED_VARIABLE = YES;
				IPHONEOS_DEPLOYMENT_TARGET = 9.1;
				MTL_ENABLE_DEBUG_INFO = NO;
				SDKROOT = iphoneos;
				VALIDATE_PRODUCT = YES;
			};
			name = Release;
		};
		0EE8F25C1BF2176D003AF6E3 /* Debug */ = {
			isa = XCBuildConfiguration;
			buildSettings = {
				ASSETCATALOG_COMPILER_APPICON_NAME = AppIcon;
				INFOPLIST_FILE = StoreSearch/Info.plist;
				LD_RUNPATH_SEARCH_PATHS = "$(inherited) @executable_path/Frameworks";
				PRODUCT_BUNDLE_IDENTIFIER = io.github.yasuhiroyoshida.StoreSearch;
				PRODUCT_NAME = "$(TARGET_NAME)";
				TARGETED_DEVICE_FAMILY = "1,2";
			};
			name = Debug;
		};
		0EE8F25D1BF2176D003AF6E3 /* Release */ = {
			isa = XCBuildConfiguration;
			buildSettings = {
				ASSETCATALOG_COMPILER_APPICON_NAME = AppIcon;
				INFOPLIST_FILE = StoreSearch/Info.plist;
				LD_RUNPATH_SEARCH_PATHS = "$(inherited) @executable_path/Frameworks";
				PRODUCT_BUNDLE_IDENTIFIER = io.github.yasuhiroyoshida.StoreSearch;
				PRODUCT_NAME = "$(TARGET_NAME)";
				TARGETED_DEVICE_FAMILY = "1,2";
			};
			name = Release;
		};
/* End XCBuildConfiguration section */

/* Begin XCConfigurationList section */
		0EE8F2441BF2176D003AF6E3 /* Build configuration list for PBXProject "StoreSearch" */ = {
			isa = XCConfigurationList;
			buildConfigurations = (
				0EE8F2591BF2176D003AF6E3 /* Debug */,
				0EE8F25A1BF2176D003AF6E3 /* Release */,
			);
			defaultConfigurationIsVisible = 0;
			defaultConfigurationName = Release;
		};
		0EE8F25B1BF2176D003AF6E3 /* Build configuration list for PBXNativeTarget "StoreSearch" */ = {
			isa = XCConfigurationList;
			buildConfigurations = (
				0EE8F25C1BF2176D003AF6E3 /* Debug */,
				0EE8F25D1BF2176D003AF6E3 /* Release */,
			);
			defaultConfigurationIsVisible = 0;
			defaultConfigurationName = Release;
		};
/* End XCConfigurationList section */
	};
	rootObject = 0EE8F2411BF2176D003AF6E3 /* Project object */;
}
